
Microsoft Visual Studio Solution File, Format Version 12.00
# Visual Studio Version 16
VisualStudioVersion = 16.0.31205.134
MinimumVisualStudioVersion = 10.0.40219.1
Project("{8BC9CEB8-8B4A-11D0-8D11-00A0C91BC942}") = "Example", "Example\Example.vcxproj", "{8998D4E0-AA6D-498C-A74F-B4A42E9EFCDF}"
EndProject
Global
	GlobalSection(SolutionConfigurationPlatforms) = preSolution
		Debug|x64 = Debug|x64
		Debug|x86 = Debug|x86
		Release|x64 = Release|x64
		Release|x86 = Release|x86
	EndGlobalSection
	GlobalSection(ProjectConfigurationPlatforms) = postSolution
		{8998D4E0-AA6D-498C-A74F-B4A42E9EFCDF}.Debug|x64.ActiveCfg = Debug|x64
		{8998D4E0-AA6D-498C-A74F-B4A42E9EFCDF}.Debug|x64.Build.0 = Debug|x64
		{8998D4E0-AA6D-498C-A74F-B4A42E9EFCDF}.Debug|x86.ActiveCfg = Debug|Win32
		{8998D4E0-AA6D-498C-A74F-B4A42E9EFCDF}.Debug|x86.Build.0 = Debug|Win32
		{8998D4E0-AA6D-498C-A74F-B4A42E9EFCDF}.Release|x64.ActiveCfg = Release|x64
		{8998D4E0-AA6D-498C-A74F-B4A42E9EFCDF}.Release|x64.Build.0 = Release|x64
		{8998D4E0-AA6D-498C-A74F-B4A42E9EFCDF}.Release|x86.ActiveCfg = Release|Win32
		{8998D4E0-AA6D-498C-A74F-B4A42E9EFCDF}.Release|x86.Build.0 = Release|Win32
	EndGlobalSection
	GlobalSection(SolutionProperties) = preSolution
		HideSolutionNode = FALSE
	EndGlobalSection
	GlobalSection(ExtensibilityGlobals) = postSolution
		SolutionGuid = {D63F1C1C-8E59-4CB2-BCCD-CFE72D91AFF3}
	EndGlobalSection
EndGlobal
